
Microsoft Visual Studio Solution File, Format Version 12.00
# Visual Studio Version 16
VisualStudioVersion = 16.0.31005.135
MinimumVisualStudioVersion = 10.0.40219.1
Project("{FAE04EC0-301F-11D3-BF4B-00C04F79EFBC}") = "1", "1.csproj", "{4E57AF37-4672-4E02-BEEB-53E358B58292}"
EndProject
Global
	GlobalSection(SolutionConfigurationPlatforms) = preSolution
		Debug|Any CPU = Debug|Any CPU
		Release|Any CPU = Release|Any CPU
	EndGlobalSection
	GlobalSection(ProjectConfigurationPlatforms) = postSolution
		{4E57AF37-4672-4E02-BEEB-53E358B58292}.Debug|Any CPU.ActiveCfg = Debug|Any CPU
		{4E57AF37-4672-4E02-BEEB-53E358B58292}.Debug|Any CPU.Build.0 = Debug|Any CPU
		{4E57AF37-4672-4E02-BEEB-53E358B58292}.Release|Any CPU.ActiveCfg = Release|Any CPU
		{4E57AF37-4672-4E02-BEEB-53E358B58292}.Release|Any CPU.Build.0 = Release|Any CPU
	EndGlobalSection
	GlobalSection(SolutionProperties) = preSolution
		HideSolutionNode = FALSE
	EndGlobalSection
	GlobalSection(ExtensibilityGlobals) = postSolution
		SolutionGuid = {A4932FE4-8D93-43F9-885C-409CC50F6102}
	EndGlobalSection
EndGlobal
